// !$*UTF8*$!
{
	archiveVersion = 1;
	classes = {
	};
	objectVersion = 46;
	objects = {

/* Begin PBXBuildFile section */
		CD52DC951B31A40F00C6581B /* AppDelegate.swift in Sources */ = {isa = PBXBuildFile; fileRef = CD52DC941B31A40F00C6581B /* AppDelegate.swift */; };
		CD52DC971B31A40F00C6581B /* ViewController.swift in Sources */ = {isa = PBXBuildFile; fileRef = CD52DC961B31A40F00C6581B /* ViewController.swift */; };
		CD52DC9A1B31A40F00C6581B /* Main.storyboard in Resources */ = {isa = PBXBuildFile; fileRef = CD52DC981B31A40F00C6581B /* Main.storyboard */; };
		CD52DC9C1B31A40F00C6581B /* Images.xcassets in Resources */ = {isa = PBXBuildFile; fileRef = CD52DC9B1B31A40F00C6581B /* Images.xcassets */; };
		CD52DC9F1B31A40F00C6581B /* LaunchScreen.xib in Resources */ = {isa = PBXBuildFile; fileRef = CD52DC9D1B31A40F00C6581B /* LaunchScreen.xib */; };
		CD52DCAB1B31A40F00C6581B /* Click_CounterTests.swift in Sources */ = {isa = PBXBuildFile; fileRef = CD52DCAA1B31A40F00C6581B /* Click_CounterTests.swift */; };
/* End PBXBuildFile section */

/* Begin PBXContainerItemProxy section */
		CD52DCA51B31A40F00C6581B /* PBXContainerItemProxy */ = {
			isa = PBXContainerItemProxy;
			containerPortal = CD52DC871B31A40F00C6581B /* Project object */;
			proxyType = 1;
			remoteGlobalIDString = CD52DC8E1B31A40F00C6581B;
			remoteInfo = "Click Counter";
		};
/* End PBXContainerItemProxy section */

/* Begin PBXFileReference section */
		CD52DC8F1B31A40F00C6581B /* Click Counter.app */ = {isa = PBXFileReference; explicitFileType = wrapper.application; includeInIndex = 0; path = "Click Counter.app"; sourceTree = BUILT_PRODUCTS_DIR; };
		CD52DC931B31A40F00C6581B /* Info.plist */ = {isa = PBXFileReference; lastKnownFileType = text.plist.xml; path = Info.plist; sourceTree = "<group>"; };
		CD52DC941B31A40F00C6581B /* AppDelegate.swift */ = {isa = PBXFileReference; lastKnownFileType = sourcecode.swift; path = AppDelegate.swift; sourceTree = "<group>"; };
		CD52DC961B31A40F00C6581B /* ViewController.swift */ = {isa = PBXFileReference; lastKnownFileType = sourcecode.swift; path = ViewController.swift; sourceTree = "<group>"; };
		CD52DC991B31A40F00C6581B /* Base */ = {isa = PBXFileReference; lastKnownFileType = file.storyboard; name = Base; path = Base.lproj/Main.storyboard; sourceTree = "<group>"; };
		CD52DC9B1B31A40F00C6581B /* Images.xcassets */ = {isa = PBXFileReference; lastKnownFileType = folder.assetcatalog; path = Images.xcassets; sourceTree = "<group>"; };
		CD52DC9E1B31A40F00C6581B /* Base */ = {isa = PBXFileReference; lastKnownFileType = file.xib; name = Base; path = Base.lproj/LaunchScreen.xib; sourceTree = "<group>"; };
		CD52DCA41B31A40F00C6581B /* Click CounterTests.xctest */ = {isa = PBXFileReference; explicitFileType = wrapper.cfbundle; includeInIndex = 0; path = "Click CounterTests.xctest"; sourceTree = BUILT_PRODUCTS_DIR; };
		CD52DCA91B31A40F00C6581B /* Info.plist */ = {isa = PBXFileReference; lastKnownFileType = text.plist.xml; path = Info.plist; sourceTree = "<group>"; };
		CD52DCAA1B31A40F00C6581B /* Click_CounterTests.swift */ = {isa = PBXFileReference; lastKnownFileType = sourcecode.swift; path = Click_CounterTests.swift; sourceTree = "<group>"; };
/* End PBXFileReference section */

/* Begin PBXFrameworksBuildPhase section */
		CD52DC8C1B31A40F00C6581B /* Frameworks */ = {
			isa = PBXFrameworksBuildPhase;
			buildActionMask = 2147483647;
			files = (
			);
			runOnlyForDeploymentPostprocessing = 0;
		};
		CD52DCA11B31A40F00C6581B /* Frameworks */ = {
			isa = PBXFrameworksBuildPhase;
			buildActionMask = 2147483647;
			files = (
			);
			runOnlyForDeploymentPostprocessing = 0;
		};
/* End PBXFrameworksBuildPhase section */

/* Begin PBXGroup section */
		CD52DC861B31A40F00C6581B = {
			isa = PBXGroup;
			children = (
				CD52DC911B31A40F00C6581B /* Click Counter */,
				CD52DCA71B31A40F00C6581B /* Click CounterTests */,
				CD52DC901B31A40F00C6581B /* Products */,
			);
			sourceTree = "<group>";
		};
		CD52DC901B31A40F00C6581B /* Products */ = {
			isa = PBXGroup;
			children = (
				CD52DC8F1B31A40F00C6581B /* Click Counter.app */,
				CD52DCA41B31A40F00C6581B /* Click CounterTests.xctest */,
			);
			name = Products;
			sourceTree = "<group>";
		};
		CD52DC911B31A40F00C6581B /* Click Counter */ = {
			isa = PBXGroup;
			children = (
				CD52DC941B31A40F00C6581B /* AppDelegate.swift */,
				CD52DC961B31A40F00C6581B /* ViewController.swift */,
				CD52DC981B31A40F00C6581B /* Main.storyboard */,
				CD52DC9B1B31A40F00C6581B /* Images.xcassets */,
				CD52DC9D1B31A40F00C6581B /* LaunchScreen.xib */,
				CD52DC921B31A40F00C6581B /* Supporting Files */,
			);
			path = "Click Counter";
			sourceTree = "<group>";
		};
		CD52DC921B31A40F00C6581B /* Supporting Files */ = {
			isa = PBXGroup;
			children = (
				CD52DC931B31A40F00C6581B /* Info.plist */,
			);
			name = "Supporting Files";
			sourceTree = "<group>";
		};
		CD52DCA71B31A40F00C6581B /* Click CounterTests */ = {
			isa = PBXGroup;
			children = (
				CD52DCAA1B31A40F00C6581B /* Click_CounterTests.swift */,
				CD52DCA81B31A40F00C6581B /* Supporting Files */,
			);
			path = "Click CounterTests";
			sourceTree = "<group>";
		};
		CD52DCA81B31A40F00C6581B /* Supporting Files */ = {
			isa = PBXGroup;
			children = (
				CD52DCA91B31A40F00C6581B /* Info.plist */,
			);
			name = "Supporting Files";
			sourceTree = "<group>";
		};
/* End PBXGroup section */

/* Begin PBXNativeTarget section */
		CD52DC8E1B31A40F00C6581B /* Click Counter */ = {
			isa = PBXNativeTarget;
			buildConfigurationList = CD52DCAE1B31A40F00C6581B /* Build configuration list for PBXNativeTarget "Click Counter" */;
			buildPhases = (
				CD52DC8B1B31A40F00C6581B /* Sources */,
				CD52DC8C1B31A40F00C6581B /* Frameworks */,
				CD52DC8D1B31A40F00C6581B /* Resources */,
			);
			buildRules = (
			);
			dependencies = (
			);
			name = "Click Counter";
			productName = "Click Counter";
			productReference = CD52DC8F1B31A40F00C6581B /* Click Counter.app */;
			productType = "com.apple.product-type.application";
		};
		CD52DCA31B31A40F00C6581B /* Click CounterTests */ = {
			isa = PBXNativeTarget;
			buildConfigurationList = CD52DCB11B31A40F00C6581B /* Build configuration list for PBXNativeTarget "Click CounterTests" */;
			buildPhases = (
				CD52DCA01B31A40F00C6581B /* Sources */,
				CD52DCA11B31A40F00C6581B /* Frameworks */,
				CD52DCA21B31A40F00C6581B /* Resources */,
			);
			buildRules = (
			);
			dependencies = (
				CD52DCA61B31A40F00C6581B /* PBXTargetDependency */,
			);
			name = "Click CounterTests";
			productName = "Click CounterTests";
			productReference = CD52DCA41B31A40F00C6581B /* Click CounterTests.xctest */;
			productType = "com.apple.product-type.bundle.unit-test";
		};
/* End PBXNativeTarget section */

/* Begin PBXProject section */
		CD52DC871B31A40F00C6581B /* Project object */ = {
			isa = PBXProject;
			attributes = {
				LastUpgradeCheck = 0630;
				ORGANIZATIONNAME = "Guilherme Paiva";
				TargetAttributes = {
					CD52DC8E1B31A40F00C6581B = {
						CreatedOnToolsVersion = 6.3.2;
					};
					CD52DCA31B31A40F00C6581B = {
						CreatedOnToolsVersion = 6.3.2;
						TestTargetID = CD52DC8E1B31A40F00C6581B;
					};
				};
			};
			buildConfigurationList = CD52DC8A1B31A40F00C6581B /* Build configuration list for PBXProject "Click Counter" */;
			compatibilityVersion = "Xcode 3.2";
			developmentRegion = English;
			hasScannedForEncodings = 0;
			knownRegions = (
				en,
				Base,
			);
			mainGroup = CD52DC861B31A40F00C6581B;
			productRefGroup = CD52DC901B31A40F00C6581B /* Products */;
			projectDirPath = "";
			projectRoot = "";
			targets = (
				CD52DC8E1B31A40F00C6581B /* Click Counter */,
				CD52DCA31B31A40F00C6581B /* Click CounterTests */,
			);
		};
/* End PBXProject section */

/* Begin PBXResourcesBuildPhase section */
		CD52DC8D1B31A40F00C6581B /* Resources */ = {
			isa = PBXResourcesBuildPhase;
			buildActionMask = 2147483647;
			files = (
				CD52DC9A1B31A40F00C6581B /* Main.storyboard in Resources */,
				CD52DC9F1B31A40F00C6581B /* LaunchScreen.xib in Resources */,
				CD52DC9C1B31A40F00C6581B /* Images.xcassets in Resources */,
			);
			runOnlyForDeploymentPostprocessing = 0;
		};
		CD52DCA21B31A40F00C6581B /* Resources */ = {
			isa = PBXResourcesBuildPhase;
			buildActionMask = 2147483647;
			files = (
			);
			runOnlyForDeploymentPostprocessing = 0;
		};
/* End PBXResourcesBuildPhase section */

/* Begin PBXSourcesBuildPhase section */
		CD52DC8B1B31A40F00C6581B /* Sources */ = {
			isa = PBXSourcesBuildPhase;
			buildActionMask = 2147483647;
			files = (
				CD52DC971B31A40F00C6581B /* ViewController.swift in Sources */,
				CD52DC951B31A40F00C6581B /* AppDelegate.swift in Sources */,
			);
			runOnlyForDeploymentPostprocessing = 0;
		};
		CD52DCA01B31A40F00C6581B /* Sources */ = {
			isa = PBXSourcesBuildPhase;
			buildActionMask = 2147483647;
			files = (
				CD52DCAB1B31A40F00C6581B /* Click_CounterTests.swift in Sources */,
			);
			runOnlyForDeploymentPostprocessing = 0;
		};
/* End PBXSourcesBuildPhase section */

/* Begin PBXTargetDependency section */
		CD52DCA61B31A40F00C6581B /* PBXTargetDependency */ = {
			isa = PBXTargetDependency;
			target = CD52DC8E1B31A40F00C6581B /* Click Counter */;
			targetProxy = CD52DCA51B31A40F00C6581B /* PBXContainerItemProxy */;
		};
/* End PBXTargetDependency section */

/* Begin PBXVariantGroup section */
		CD52DC981B31A40F00C6581B /* Main.storyboard */ = {
			isa = PBXVariantGroup;
			children = (
				CD52DC991B31A40F00C6581B /* Base */,
			);
			name = Main.storyboard;
			sourceTree = "<group>";
		};
		CD52DC9D1B31A40F00C6581B /* LaunchScreen.xib */ = {
			isa = PBXVariantGroup;
			children = (
				CD52DC9E1B31A40F00C6581B /* Base */,
			);
			name = LaunchScreen.xib;
			sourceTree = "<group>";
		};
/* End PBXVariantGroup section */

/* Begin XCBuildConfiguration section */
		CD52DCAC1B31A40F00C6581B /* Debug */ = {
			isa = XCBuildConfiguration;
			buildSettings = {
				ALWAYS_SEARCH_USER_PATHS = NO;
				CLANG_CXX_LANGUAGE_STANDARD = "gnu++0x";
				CLANG_CXX_LIBRARY = "libc++";
				CLANG_ENABLE_MODULES = YES;
				CLANG_ENABLE_OBJC_ARC = YES;
				CLANG_WARN_BOOL_CONVERSION = YES;
				CLANG_WARN_CONSTANT_CONVERSION = YES;
				CLANG_WARN_DIRECT_OBJC_ISA_USAGE = YES_ERROR;
				CLANG_WARN_EMPTY_BODY = YES;
				CLANG_WARN_ENUM_CONVERSION = YES;
				CLANG_WARN_INT_CONVERSION = YES;
				CLANG_WARN_OBJC_ROOT_CLASS = YES_ERROR;
				CLANG_WARN_UNREACHABLE_CODE = YES;
				CLANG_WARN__DUPLICATE_METHOD_MATCH = YES;
				"CODE_SIGN_IDENTITY[sdk=iphoneos*]" = "iPhone Developer";
				COPY_PHASE_STRIP = NO;
				DEBUG_INFORMATION_FORMAT = "dwarf-with-dsym";
				ENABLE_STRICT_OBJC_MSGSEND = YES;
				GCC_C_LANGUAGE_STANDARD = gnu99;
				GCC_DYNAMIC_NO_PIC = NO;
				GCC_NO_COMMON_BLOCKS = YES;
				GCC_OPTIMIZATION_LEVEL = 0;
				GCC_PREPROCESSOR_DEFINITIONS = (
					"DEBUG=1",
					"$(inherited)",
				);
				GCC_SYMBOLS_PRIVATE_EXTERN = NO;
				GCC_WARN_64_TO_32_BIT_CONVERSION = YES;
				GCC_WARN_ABOUT_RETURN_TYPE = YES_ERROR;
				GCC_WARN_UNDECLARED_SELECTOR = YES;
				GCC_WARN_UNINITIALIZED_AUTOS = YES_AGGRESSIVE;
				GCC_WARN_UNUSED_FUNCTION = YES;
				GCC_WARN_UNUSED_VARIABLE = YES;
				IPHONEOS_DEPLOYMENT_TARGET = 8.3;
				MTL_ENABLE_DEBUG_INFO = YES;
				ONLY_ACTIVE_ARCH = YES;
				SDKROOT = iphoneos;
				SWIFT_OPTIMIZATION_LEVEL = "-Onone";
			};
			name = Debug;
		};
		CD52DCAD1B31A40F00C6581B /* Release */ = {
			isa = XCBuildConfiguration;
			buildSettings = {
				ALWAYS_SEARCH_USER_PATHS = NO;
				CLANG_CXX_LANGUAGE_STANDARD = "gnu++0x";
				CLANG_CXX_LIBRARY = "libc++";
				CLANG_ENABLE_MODULES = YES;
				CLANG_ENABLE_OBJC_ARC = YES;
				CLANG_WARN_BOOL_CONVERSION = YES;
				CLANG_WARN_CONSTANT_CONVERSION = YES;
				CLANG_WARN_DIRECT_OBJC_ISA_USAGE = YES_ERROR;
				CLANG_WARN_EMPTY_BODY = YES;
				CLANG_WARN_ENUM_CONVERSION = YES;
				CLANG_WARN_INT_CONVERSION = YES;
				CLANG_WARN_OBJC_ROOT_CLASS = YES_ERROR;
				CLANG_WARN_UNREACHABLE_CODE = YES;
				CLANG_WARN__DUPLICATE_METHOD_MATCH = YES;
				"CODE_SIGN_IDENTITY[sdk=iphoneos*]" = "iPhone Developer";
				COPY_PHASE_STRIP = NO;
				DEBUG_INFORMATION_FORMAT = "dwarf-with-dsym";
				ENABLE_NS_ASSERTIONS = NO;
				ENABLE_STRICT_OBJC_MSGSEND = YES;
				GCC_C_LANGUAGE_STANDARD = gnu99;
				GCC_NO_COMMON_BLOCKS = YES;
				GCC_WARN_64_TO_32_BIT_CONVERSION = YES;
				GCC_WARN_ABOUT_RETURN_TYPE = YES_ERROR;
				GCC_WARN_UNDECLARED_SELECTOR = YES;
				GCC_WARN_UNINITIALIZED_AUTOS = YES_AGGRESSIVE;
				GCC_WARN_UNUSED_FUNCTION = YES;
				GCC_WARN_UNUSED_VARIABLE = YES;
				IPHONEOS_DEPLOYMENT_TARGET = 8.3;
				MTL_ENABLE_DEBUG_INFO = NO;
				SDKROOT = iphoneos;
				VALIDATE_PRODUCT = YES;
			};
			name = Release;
		};
		CD52DCAF1B31A40F00C6581B /* Debug */ = {
			isa = XCBuildConfiguration;
			buildSettings = {
				ASSETCATALOG_COMPILER_APPICON_NAME = AppIcon;
				INFOPLIST_FILE = "Click Counter/Info.plist";
				LD_RUNPATH_SEARCH_PATHS = "$(inherited) @executable_path/Frameworks";
				PRODUCT_NAME = "$(TARGET_NAME)";
			};
			name = Debug;
		};
		CD52DCB01B31A40F00C6581B /* Release */ = {
			isa = XCBuildConfiguration;
			buildSettings = {
				ASSETCATALOG_COMPILER_APPICON_NAME = AppIcon;
				INFOPLIST_FILE = "Click Counter/Info.plist";
				LD_RUNPATH_SEARCH_PATHS = "$(inherited) @executable_path/Frameworks";
				PRODUCT_NAME = "$(TARGET_NAME)";
			};
			name = Release;
		};
		CD52DCB21B31A40F00C6581B /* Debug */ = {
			isa = XCBuildConfiguration;
			buildSettings = {
				BUNDLE_LOADER = "$(TEST_HOST)";
				FRAMEWORK_SEARCH_PATHS = (
					"$(SDKROOT)/Developer/Library/Frameworks",
					"$(inherited)",
				);
				GCC_PREPROCESSOR_DEFINITIONS = (
					"DEBUG=1",
					"$(inherited)",
				);
				INFOPLIST_FILE = "Click CounterTests/Info.plist";
				LD_RUNPATH_SEARCH_PATHS = "$(inherited) @executable_path/Frameworks @loader_path/Frameworks";
				PRODUCT_NAME = "$(TARGET_NAME)";
				TEST_HOST = "$(BUILT_PRODUCTS_DIR)/Click Counter.app/Click Counter";
			};
			name = Debug;
		};
		CD52DCB31B31A40F00C6581B /* Release */ = {
			isa = XCBuildConfiguration;
			buildSettings = {
				BUNDLE_LOADER = "$(TEST_HOST)";
				FRAMEWORK_SEARCH_PATHS = (
					"$(SDKROOT)/Developer/Library/Frameworks",
					"$(inherited)",
				);
				INFOPLIST_FILE = "Click CounterTests/Info.plist";
				LD_RUNPATH_SEARCH_PATHS = "$(inherited) @executable_path/Frameworks @loader_path/Frameworks";
				PRODUCT_NAME = "$(TARGET_NAME)";
				TEST_HOST = "$(BUILT_PRODUCTS_DIR)/Click Counter.app/Click Counter";
			};
			name = Release;
		};
/* End XCBuildConfiguration section */

/* Begin XCConfigurationList section */
		CD52DC8A1B31A40F00C6581B /* Build configuration list for PBXProject "Click Counter" */ = {
			isa = XCConfigurationList;
			buildConfigurations = (
				CD52DCAC1B31A40F00C6581B /* Debug */,
				CD52DCAD1B31A40F00C6581B /* Release */,
			);
			defaultConfigurationIsVisible = 0;
			defaultConfigurationName = Release;
		};
		CD52DCAE1B31A40F00C6581B /* Build configuration list for PBXNativeTarget "Click Counter" */ = {
			isa = XCConfigurationList;
			buildConfigurations = (
				CD52DCAF1B31A40F00C6581B /* Debug */,
				CD52DCB01B31A40F00C6581B /* Release */,
			);
			defaultConfigurationIsVisible = 0;
		};
		CD52DCB11B31A40F00C6581B /* Build configuration list for PBXNativeTarget "Click CounterTests" */ = {
			isa = XCConfigurationList;
			buildConfigurations = (
				CD52DCB21B31A40F00C6581B /* Debug */,
				CD52DCB31B31A40F00C6581B /* Release */,
			);
			defaultConfigurationIsVisible = 0;
		};
/* End XCConfigurationList section */
	};
	rootObject = CD52DC871B31A40F00C6581B /* Project object */;
}
